
Microsoft Visual Studio Solution File, Format Version 12.00
# Visual Studio Version 17
VisualStudioVersion = 17.7.34202.233
MinimumVisualStudioVersion = 10.0.40219.1
Project("{FAE04EC0-301F-11D3-BF4B-00C04F79EFBC}") = "uml", "uml.csproj", "{A07A738D-FF7A-4CCB-9CB6-790F358C843D}"
EndProject
Global
	GlobalSection(SolutionConfigurationPlatforms) = preSolution
		Debug|Any CPU = Debug|Any CPU
		Release|Any CPU = Release|Any CPU
	EndGlobalSection
	GlobalSection(ProjectConfigurationPlatforms) = postSolution
		{A07A738D-FF7A-4CCB-9CB6-790F358C843D}.Debug|Any CPU.ActiveCfg = Debug|Any CPU
		{A07A738D-FF7A-4CCB-9CB6-790F358C843D}.Debug|Any CPU.Build.0 = Debug|Any CPU
		{A07A738D-FF7A-4CCB-9CB6-790F358C843D}.Release|Any CPU.ActiveCfg = Release|Any CPU
		{A07A738D-FF7A-4CCB-9CB6-790F358C843D}.Release|Any CPU.Build.0 = Release|Any CPU
	EndGlobalSection
	GlobalSection(SolutionProperties) = preSolution
		HideSolutionNode = FALSE
	EndGlobalSection
	GlobalSection(ExtensibilityGlobals) = postSolution
		SolutionGuid = {ACA3B080-08CC-482E-A3B7-F38FDA28015A}
	EndGlobalSection
EndGlobal
