
Microsoft Visual Studio Solution File, Format Version 12.00
# Visual Studio Version 17
VisualStudioVersion = 17.0.32112.339
MinimumVisualStudioVersion = 10.0.40219.1
Project("{FAE04EC0-301F-11D3-BF4B-00C04F79EFBC}") = "fUML_Tests", "fUML_Tests.csproj", "{53DEA07A-CB02-495D-9309-53022D6C4FD1}"
EndProject
Global
	GlobalSection(SolutionConfigurationPlatforms) = preSolution
		Debug|Any CPU = Debug|Any CPU
		Release|Any CPU = Release|Any CPU
	EndGlobalSection
	GlobalSection(ProjectConfigurationPlatforms) = postSolution
		{53DEA07A-CB02-495D-9309-53022D6C4FD1}.Debug|Any CPU.ActiveCfg = Debug|Any CPU
		{53DEA07A-CB02-495D-9309-53022D6C4FD1}.Debug|Any CPU.Build.0 = Debug|Any CPU
		{53DEA07A-CB02-495D-9309-53022D6C4FD1}.Release|Any CPU.ActiveCfg = Release|Any CPU
		{53DEA07A-CB02-495D-9309-53022D6C4FD1}.Release|Any CPU.Build.0 = Release|Any CPU
	EndGlobalSection
	GlobalSection(SolutionProperties) = preSolution
		HideSolutionNode = FALSE
	EndGlobalSection
	GlobalSection(ExtensibilityGlobals) = postSolution
		SolutionGuid = {5830BCE1-5AEB-4773-B38F-CEE83AEF69E1}
	EndGlobalSection
EndGlobal
