
Microsoft Visual Studio Solution File, Format Version 12.00
# Visual Studio Version 17
VisualStudioVersion = 17.0.32112.339
MinimumVisualStudioVersion = 10.0.40219.1
Project("{FAE04EC0-301F-11D3-BF4B-00C04F79EFBC}") = "AssemblyConnectors_P_P", "AssemblyConnectors_P_P.csproj", "{B563EDB7-1DC4-4389-B7CF-957DB2184698}"
EndProject
Global
	GlobalSection(SolutionConfigurationPlatforms) = preSolution
		Debug|Any CPU = Debug|Any CPU
		Release|Any CPU = Release|Any CPU
	EndGlobalSection
	GlobalSection(ProjectConfigurationPlatforms) = postSolution
		{B563EDB7-1DC4-4389-B7CF-957DB2184698}.Debug|Any CPU.ActiveCfg = Debug|Any CPU
		{B563EDB7-1DC4-4389-B7CF-957DB2184698}.Debug|Any CPU.Build.0 = Debug|Any CPU
		{B563EDB7-1DC4-4389-B7CF-957DB2184698}.Release|Any CPU.ActiveCfg = Release|Any CPU
		{B563EDB7-1DC4-4389-B7CF-957DB2184698}.Release|Any CPU.Build.0 = Release|Any CPU
	EndGlobalSection
	GlobalSection(SolutionProperties) = preSolution
		HideSolutionNode = FALSE
	EndGlobalSection
	GlobalSection(ExtensibilityGlobals) = postSolution
		SolutionGuid = {9B5A42AB-3904-4F12-ACE2-995E644B8621}
	EndGlobalSection
EndGlobal
