
Microsoft Visual Studio Solution File, Format Version 12.00
# Visual Studio Version 17
VisualStudioVersion = 17.0.32112.339
MinimumVisualStudioVersion = 10.0.40219.1
Project("{FAE04EC0-301F-11D3-BF4B-00C04F79EFBC}") = "MultipleDelegation_MultipleConnector_P_P_Operation", "MultipleDelegation_MultipleConnector_P_P_Operation.csproj", "{7C11FE45-2F3E-45A5-A7BC-158768BA4F77}"
EndProject
Global
	GlobalSection(SolutionConfigurationPlatforms) = preSolution
		Debug|Any CPU = Debug|Any CPU
		Release|Any CPU = Release|Any CPU
	EndGlobalSection
	GlobalSection(ProjectConfigurationPlatforms) = postSolution
		{7C11FE45-2F3E-45A5-A7BC-158768BA4F77}.Debug|Any CPU.ActiveCfg = Debug|Any CPU
		{7C11FE45-2F3E-45A5-A7BC-158768BA4F77}.Debug|Any CPU.Build.0 = Debug|Any CPU
		{7C11FE45-2F3E-45A5-A7BC-158768BA4F77}.Release|Any CPU.ActiveCfg = Release|Any CPU
		{7C11FE45-2F3E-45A5-A7BC-158768BA4F77}.Release|Any CPU.Build.0 = Release|Any CPU
	EndGlobalSection
	GlobalSection(SolutionProperties) = preSolution
		HideSolutionNode = FALSE
	EndGlobalSection
	GlobalSection(ExtensibilityGlobals) = postSolution
		SolutionGuid = {FE953E30-3D35-4595-B056-4941D198CEE3}
	EndGlobalSection
EndGlobal
