
Microsoft Visual Studio Solution File, Format Version 12.00
# Visual Studio Version 17
VisualStudioVersion = 17.0.32112.339
MinimumVisualStudioVersion = 10.0.40219.1
Project("{FAE04EC0-301F-11D3-BF4B-00C04F79EFBC}") = "MultipleDelegation_MultipleConnector_P_PWP_Signal", "MultipleDelegation_MultipleConnector_P_PWP_Signal.csproj", "{E3A0C25E-CD8E-4449-8F3C-BF30ABAB6092}"
EndProject
Global
	GlobalSection(SolutionConfigurationPlatforms) = preSolution
		Debug|Any CPU = Debug|Any CPU
		Release|Any CPU = Release|Any CPU
	EndGlobalSection
	GlobalSection(ProjectConfigurationPlatforms) = postSolution
		{E3A0C25E-CD8E-4449-8F3C-BF30ABAB6092}.Debug|Any CPU.ActiveCfg = Debug|Any CPU
		{E3A0C25E-CD8E-4449-8F3C-BF30ABAB6092}.Debug|Any CPU.Build.0 = Debug|Any CPU
		{E3A0C25E-CD8E-4449-8F3C-BF30ABAB6092}.Release|Any CPU.ActiveCfg = Release|Any CPU
		{E3A0C25E-CD8E-4449-8F3C-BF30ABAB6092}.Release|Any CPU.Build.0 = Release|Any CPU
	EndGlobalSection
	GlobalSection(SolutionProperties) = preSolution
		HideSolutionNode = FALSE
	EndGlobalSection
	GlobalSection(ExtensibilityGlobals) = postSolution
		SolutionGuid = {A4408CEF-DF3B-49B6-BA66-9DF51EC32F42}
	EndGlobalSection
EndGlobal
