
Microsoft Visual Studio Solution File, Format Version 12.00
# Visual Studio Version 17
VisualStudioVersion = 17.0.32112.339
MinimumVisualStudioVersion = 10.0.40219.1
Project("{FAE04EC0-301F-11D3-BF4B-00C04F79EFBC}") = "Operation_ProvidedInterface", "Operation_ProvidedInterface.csproj", "{F1C11016-1BC1-4D2E-BED1-8B09E51E0742}"
EndProject
Global
	GlobalSection(SolutionConfigurationPlatforms) = preSolution
		Debug|Any CPU = Debug|Any CPU
		Release|Any CPU = Release|Any CPU
	EndGlobalSection
	GlobalSection(ProjectConfigurationPlatforms) = postSolution
		{F1C11016-1BC1-4D2E-BED1-8B09E51E0742}.Debug|Any CPU.ActiveCfg = Debug|Any CPU
		{F1C11016-1BC1-4D2E-BED1-8B09E51E0742}.Debug|Any CPU.Build.0 = Debug|Any CPU
		{F1C11016-1BC1-4D2E-BED1-8B09E51E0742}.Release|Any CPU.ActiveCfg = Release|Any CPU
		{F1C11016-1BC1-4D2E-BED1-8B09E51E0742}.Release|Any CPU.Build.0 = Release|Any CPU
	EndGlobalSection
	GlobalSection(SolutionProperties) = preSolution
		HideSolutionNode = FALSE
	EndGlobalSection
	GlobalSection(ExtensibilityGlobals) = postSolution
		SolutionGuid = {ADCA3141-F800-460B-9068-0831C23544E2}
	EndGlobalSection
EndGlobal
